Microsoft Visual Studio Solution File, Format Version 12.00
# Visual Studio Version 17
VisualStudioVersion = 17.5.2.0
MinimumVisualStudioVersion = 10.0.40219.1
Project("{FAE04EC0-301F-11D3-BF4B-00C04F79EFBC}") = "oop_herencia", "oop_herencia\oop_herencia.csproj", "{05DD2261-D1E7-A8E2-682F-1E5B0A868110}"
EndProject
Project("{FAE04EC0-301F-11D3-BF4B-00C04F79EFBC}") = "oop_poliformismo", "oop_poliformismo\oop_poliformismo.csproj", "{91B6F37F-A6D8-E7AD-1241-258DA176E751}"
EndProject
Global
	GlobalSection(SolutionConfigurationPlatforms) = preSolution
		Debug|Any CPU = Debug|Any CPU
		Release|Any CPU = Release|Any CPU
	EndGlobalSection
	GlobalSection(ProjectConfigurationPlatforms) = postSolution
		{05DD2261-D1E7-A8E2-682F-1E5B0A868110}.Debug|Any CPU.ActiveCfg = Debug|Any CPU
		{05DD2261-D1E7-A8E2-682F-1E5B0A868110}.Debug|Any CPU.Build.0 = Debug|Any CPU
		{05DD2261-D1E7-A8E2-682F-1E5B0A868110}.Release|Any CPU.ActiveCfg = Release|Any CPU
		{05DD2261-D1E7-A8E2-682F-1E5B0A868110}.Release|Any CPU.Build.0 = Release|Any CPU
		{91B6F37F-A6D8-E7AD-1241-258DA176E751}.Debug|Any CPU.ActiveCfg = Debug|Any CPU
		{91B6F37F-A6D8-E7AD-1241-258DA176E751}.Debug|Any CPU.Build.0 = Debug|Any CPU
		{91B6F37F-A6D8-E7AD-1241-258DA176E751}.Release|Any CPU.ActiveCfg = Release|Any CPU
		{91B6F37F-A6D8-E7AD-1241-258DA176E751}.Release|Any CPU.Build.0 = Release|Any CPU
	EndGlobalSection
	GlobalSection(SolutionProperties) = preSolution
		HideSolutionNode = FALSE
	EndGlobalSection
	GlobalSection(ExtensibilityGlobals) = postSolution
		SolutionGuid = {21A2665D-2862-4E8D-9EBA-9D5F8ABDC616}
	EndGlobalSection
EndGlobal
